
Microsoft Visual Studio Solution File, Format Version 12.00
# Visual Studio Version 16
VisualStudioVersion = 16.0.29911.84
MinimumVisualStudioVersion = 10.0.40219.1
Project("{FAE04EC0-301F-11D3-BF4B-00C04F79EFBC}") = "TDE Alexandre Formulario", "TDE Alexandre Formulario\TDE Alexandre Formulario.csproj", "{9F9D09B4-017E-45D7-9F46-AD3F4DB5457F}"
EndProject
Global
	GlobalSection(SolutionConfigurationPlatforms) = preSolution
		Debug|Any CPU = Debug|Any CPU
		Release|Any CPU = Release|Any CPU
	EndGlobalSection
	GlobalSection(ProjectConfigurationPlatforms) = postSolution
		{9F9D09B4-017E-45D7-9F46-AD3F4DB5457F}.Debug|Any CPU.ActiveCfg = Debug|Any CPU
		{9F9D09B4-017E-45D7-9F46-AD3F4DB5457F}.Debug|Any CPU.Build.0 = Debug|Any CPU
		{9F9D09B4-017E-45D7-9F46-AD3F4DB5457F}.Release|Any CPU.ActiveCfg = Release|Any CPU
		{9F9D09B4-017E-45D7-9F46-AD3F4DB5457F}.Release|Any CPU.Build.0 = Release|Any CPU
	EndGlobalSection
	GlobalSection(SolutionProperties) = preSolution
		HideSolutionNode = FALSE
	EndGlobalSection
	GlobalSection(ExtensibilityGlobals) = postSolution
		SolutionGuid = {C165925B-7753-4202-892A-3EBA69B74A22}
	EndGlobalSection
EndGlobal
